
Microsoft Visual Studio Solution File, Format Version 12.00
# Visual Studio Version 17
VisualStudioVersion = 17.14.36511.14
MinimumVisualStudioVersion = 10.0.40219.1
Project("{FAE04EC0-301F-11D3-BF4B-00C04F79EFBC}") = "VnsErp2025", "VnsErp2025\VnsErp2025.csproj", "{7FB672C4-B1B5-4ACB-A5C2-64D5701EA61F}"
EndProject
Project("{FAE04EC0-301F-11D3-BF4B-00C04F79EFBC}") = "Bll", "Bll\Bll.csproj", "{50F0876E-DB49-4C11-9158-E3146AB3AD93}"
EndProject
Project("{FAE04EC0-301F-11D3-BF4B-00C04F79EFBC}") = "Dal", "Dal\Dal.csproj", "{2A5A6A1E-6435-45E2-8F3D-62D70CB8FA76}"
EndProject
Project("{FAE04EC0-301F-11D3-BF4B-00C04F79EFBC}") = "Authentication", "Authentication\Authentication.csproj", "{9CC30DF9-45DD-4D4E-9B65-A68DAC21BA42}"
EndProject
Project("{FAE04EC0-301F-11D3-BF4B-00C04F79EFBC}") = "MasterData", "MasterData\MasterData.csproj", "{A15B1F9F-65D1-4723-A1E2-675F5BDC8641}"
EndProject
Project("{FAE04EC0-301F-11D3-BF4B-00C04F79EFBC}") = "Inventory", "Inventory\Inventory.csproj", "{055C0170-A359-48B9-95D9-7260B17E8E20}"
EndProject
Project("{FAE04EC0-301F-11D3-BF4B-00C04F79EFBC}") = "DTO", "DTO\DTO.csproj", "{77B6B4B6-D129-4A78-BD8D-9FCA5F9B4A1C}"
EndProject
Project("{FAE04EC0-301F-11D3-BF4B-00C04F79EFBC}") = "Logger", "Logger\Logger.csproj", "{12F9FB39-92BF-45D5-BBB2-5353E33700F0}"
EndProject
Project("{FAE04EC0-301F-11D3-BF4B-00C04F79EFBC}") = "Common", "Common\Common.csproj", "{68E56AB6-1ADA-40DE-9EDD-0BE2B8F35C3A}"
EndProject
Project("{FAE04EC0-301F-11D3-BF4B-00C04F79EFBC}") = "VersionAndUserManagement", "VersionAndUserManagement\VersionAndUserManagement.csproj", "{14FED260-4A4D-42ED-9298-B91800D65E36}"
EndProject
Global
	GlobalSection(SolutionConfigurationPlatforms) = preSolution
		Debug|Any CPU = Debug|Any CPU
		Release|Any CPU = Release|Any CPU
	EndGlobalSection
	GlobalSection(ProjectConfigurationPlatforms) = postSolution
		{7FB672C4-B1B5-4ACB-A5C2-64D5701EA61F}.Debug|Any CPU.ActiveCfg = Debug|Any CPU
		{7FB672C4-B1B5-4ACB-A5C2-64D5701EA61F}.Debug|Any CPU.Build.0 = Debug|Any CPU
		{7FB672C4-B1B5-4ACB-A5C2-64D5701EA61F}.Release|Any CPU.ActiveCfg = Release|Any CPU
		{7FB672C4-B1B5-4ACB-A5C2-64D5701EA61F}.Release|Any CPU.Build.0 = Release|Any CPU
		{50F0876E-DB49-4C11-9158-E3146AB3AD93}.Debug|Any CPU.ActiveCfg = Debug|Any CPU
		{50F0876E-DB49-4C11-9158-E3146AB3AD93}.Debug|Any CPU.Build.0 = Debug|Any CPU
		{50F0876E-DB49-4C11-9158-E3146AB3AD93}.Release|Any CPU.ActiveCfg = Release|Any CPU
		{50F0876E-DB49-4C11-9158-E3146AB3AD93}.Release|Any CPU.Build.0 = Release|Any CPU
		{2A5A6A1E-6435-45E2-8F3D-62D70CB8FA76}.Debug|Any CPU.ActiveCfg = Debug|Any CPU
		{2A5A6A1E-6435-45E2-8F3D-62D70CB8FA76}.Debug|Any CPU.Build.0 = Debug|Any CPU
		{2A5A6A1E-6435-45E2-8F3D-62D70CB8FA76}.Release|Any CPU.ActiveCfg = Release|Any CPU
		{2A5A6A1E-6435-45E2-8F3D-62D70CB8FA76}.Release|Any CPU.Build.0 = Release|Any CPU
		{9CC30DF9-45DD-4D4E-9B65-A68DAC21BA42}.Debug|Any CPU.ActiveCfg = Debug|Any CPU
		{9CC30DF9-45DD-4D4E-9B65-A68DAC21BA42}.Debug|Any CPU.Build.0 = Debug|Any CPU
		{9CC30DF9-45DD-4D4E-9B65-A68DAC21BA42}.Release|Any CPU.ActiveCfg = Release|Any CPU
		{9CC30DF9-45DD-4D4E-9B65-A68DAC21BA42}.Release|Any CPU.Build.0 = Release|Any CPU
		{A15B1F9F-65D1-4723-A1E2-675F5BDC8641}.Debug|Any CPU.ActiveCfg = Debug|Any CPU
		{A15B1F9F-65D1-4723-A1E2-675F5BDC8641}.Debug|Any CPU.Build.0 = Debug|Any CPU
		{A15B1F9F-65D1-4723-A1E2-675F5BDC8641}.Release|Any CPU.ActiveCfg = Release|Any CPU
		{A15B1F9F-65D1-4723-A1E2-675F5BDC8641}.Release|Any CPU.Build.0 = Release|Any CPU
		{055C0170-A359-48B9-95D9-7260B17E8E20}.Debug|Any CPU.ActiveCfg = Debug|Any CPU
		{055C0170-A359-48B9-95D9-7260B17E8E20}.Debug|Any CPU.Build.0 = Debug|Any CPU
		{055C0170-A359-48B9-95D9-7260B17E8E20}.Release|Any CPU.ActiveCfg = Release|Any CPU
		{055C0170-A359-48B9-95D9-7260B17E8E20}.Release|Any CPU.Build.0 = Release|Any CPU
		{77B6B4B6-D129-4A78-BD8D-9FCA5F9B4A1C}.Debug|Any CPU.ActiveCfg = Debug|Any CPU
		{77B6B4B6-D129-4A78-BD8D-9FCA5F9B4A1C}.Debug|Any CPU.Build.0 = Debug|Any CPU
		{77B6B4B6-D129-4A78-BD8D-9FCA5F9B4A1C}.Release|Any CPU.ActiveCfg = Release|Any CPU
		{77B6B4B6-D129-4A78-BD8D-9FCA5F9B4A1C}.Release|Any CPU.Build.0 = Release|Any CPU
		{12F9FB39-92BF-45D5-BBB2-5353E33700F0}.Debug|Any CPU.ActiveCfg = Debug|Any CPU
		{12F9FB39-92BF-45D5-BBB2-5353E33700F0}.Debug|Any CPU.Build.0 = Debug|Any CPU
		{12F9FB39-92BF-45D5-BBB2-5353E33700F0}.Release|Any CPU.ActiveCfg = Release|Any CPU
		{12F9FB39-92BF-45D5-BBB2-5353E33700F0}.Release|Any CPU.Build.0 = Release|Any CPU
		{68E56AB6-1ADA-40DE-9EDD-0BE2B8F35C3A}.Debug|Any CPU.ActiveCfg = Debug|Any CPU
		{68E56AB6-1ADA-40DE-9EDD-0BE2B8F35C3A}.Debug|Any CPU.Build.0 = Debug|Any CPU
		{68E56AB6-1ADA-40DE-9EDD-0BE2B8F35C3A}.Release|Any CPU.ActiveCfg = Release|Any CPU
		{68E56AB6-1ADA-40DE-9EDD-0BE2B8F35C3A}.Release|Any CPU.Build.0 = Release|Any CPU
		{14FED260-4A4D-42ED-9298-B91800D65E36}.Debug|Any CPU.ActiveCfg = Debug|Any CPU
		{14FED260-4A4D-42ED-9298-B91800D65E36}.Debug|Any CPU.Build.0 = Debug|Any CPU
		{14FED260-4A4D-42ED-9298-B91800D65E36}.Release|Any CPU.ActiveCfg = Release|Any CPU
		{14FED260-4A4D-42ED-9298-B91800D65E36}.Release|Any CPU.Build.0 = Release|Any CPU
	EndGlobalSection
	GlobalSection(SolutionProperties) = preSolution
		HideSolutionNode = FALSE
	EndGlobalSection
	GlobalSection(ExtensibilityGlobals) = postSolution
		SolutionGuid = {EB6CA8ED-A4FB-4FEE-827B-A50CCDE7341F}
	EndGlobalSection
EndGlobal
